// !$*UTF8*$!
{
	archiveVersion = 1;
	classes = {
	};
	objectVersion = 46;
	objects = {

/* Begin PBXBuildFile section */
		969D46281AEC4D5E0062C119 /* AppDelegate.swift in Sources */ = {isa = PBXBuildFile; fileRef = 969D46271AEC4D5E0062C119 /* AppDelegate.swift */; };
		969D462A1AEC4D5E0062C119 /* ViewController.swift in Sources */ = {isa = PBXBuildFile; fileRef = 969D46291AEC4D5E0062C119 /* ViewController.swift */; };
		969D462D1AEC4D5E0062C119 /* Main.storyboard in Resources */ = {isa = PBXBuildFile; fileRef = 969D462B1AEC4D5E0062C119 /* Main.storyboard */; };
		969D462F1AEC4D5E0062C119 /* Images.xcassets in Resources */ = {isa = PBXBuildFile; fileRef = 969D462E1AEC4D5E0062C119 /* Images.xcassets */; };
		969D46321AEC4D5E0062C119 /* LaunchScreen.xib in Resources */ = {isa = PBXBuildFile; fileRef = 969D46301AEC4D5E0062C119 /* LaunchScreen.xib */; };
		969D463E1AEC4D5E0062C119 /* payPalPracticeTests.swift in Sources */ = {isa = PBXBuildFile; fileRef = 969D463D1AEC4D5E0062C119 /* payPalPracticeTests.swift */; };
/* End PBXBuildFile section */

/* Begin PBXContainerItemProxy section */
		969D46381AEC4D5E0062C119 /* PBXContainerItemProxy */ = {
			isa = PBXContainerItemProxy;
			containerPortal = 969D461A1AEC4D5E0062C119 /* Project object */;
			proxyType = 1;
			remoteGlobalIDString = 969D46211AEC4D5E0062C119;
			remoteInfo = payPalPractice;
		};
/* End PBXContainerItemProxy section */

/* Begin PBXFileReference section */
		969D46221AEC4D5E0062C119 /* payPalPractice.app */ = {isa = PBXFileReference; explicitFileType = wrapper.application; includeInIndex = 0; path = payPalPractice.app; sourceTree = BUILT_PRODUCTS_DIR; };
		969D46261AEC4D5E0062C119 /* Info.plist */ = {isa = PBXFileReference; lastKnownFileType = text.plist.xml; path = Info.plist; sourceTree = "<group>"; };
		969D46271AEC4D5E0062C119 /* AppDelegate.swift */ = {isa = PBXFileReference; lastKnownFileType = sourcecode.swift; path = AppDelegate.swift; sourceTree = "<group>"; };
		969D46291AEC4D5E0062C119 /* ViewController.swift */ = {isa = PBXFileReference; lastKnownFileType = sourcecode.swift; path = ViewController.swift; sourceTree = "<group>"; };
		969D462C1AEC4D5E0062C119 /* Base */ = {isa = PBXFileReference; lastKnownFileType = file.storyboard; name = Base; path = Base.lproj/Main.storyboard; sourceTree = "<group>"; };
		969D462E1AEC4D5E0062C119 /* Images.xcassets */ = {isa = PBXFileReference; lastKnownFileType = folder.assetcatalog; path = Images.xcassets; sourceTree = "<group>"; };
		969D46311AEC4D5E0062C119 /* Base */ = {isa = PBXFileReference; lastKnownFileType = file.xib; name = Base; path = Base.lproj/LaunchScreen.xib; sourceTree = "<group>"; };
		969D46371AEC4D5E0062C119 /* payPalPracticeTests.xctest */ = {isa = PBXFileReference; explicitFileType = wrapper.cfbundle; includeInIndex = 0; path = payPalPracticeTests.xctest; sourceTree = BUILT_PRODUCTS_DIR; };
		969D463C1AEC4D5E0062C119 /* Info.plist */ = {isa = PBXFileReference; lastKnownFileType = text.plist.xml; path = Info.plist; sourceTree = "<group>"; };
		969D463D1AEC4D5E0062C119 /* payPalPracticeTests.swift */ = {isa = PBXFileReference; lastKnownFileType = sourcecode.swift; path = payPalPracticeTests.swift; sourceTree = "<group>"; };
/* End PBXFileReference section */

/* Begin PBXFrameworksBuildPhase section */
		969D461F1AEC4D5E0062C119 /* Frameworks */ = {
			isa = PBXFrameworksBuildPhase;
			buildActionMask = 2147483647;
			files = (
			);
			runOnlyForDeploymentPostprocessing = 0;
		};
		969D46341AEC4D5E0062C119 /* Frameworks */ = {
			isa = PBXFrameworksBuildPhase;
			buildActionMask = 2147483647;
			files = (
			);
			runOnlyForDeploymentPostprocessing = 0;
		};
/* End PBXFrameworksBuildPhase section */

/* Begin PBXGroup section */
		969D46191AEC4D5E0062C119 = {
			isa = PBXGroup;
			children = (
				969D46241AEC4D5E0062C119 /* payPalPractice */,
				969D463A1AEC4D5E0062C119 /* payPalPracticeTests */,
				969D46231AEC4D5E0062C119 /* Products */,
			);
			sourceTree = "<group>";
		};
		969D46231AEC4D5E0062C119 /* Products */ = {
			isa = PBXGroup;
			children = (
				969D46221AEC4D5E0062C119 /* payPalPractice.app */,
				969D46371AEC4D5E0062C119 /* payPalPracticeTests.xctest */,
			);
			name = Products;
			sourceTree = "<group>";
		};
		969D46241AEC4D5E0062C119 /* payPalPractice */ = {
			isa = PBXGroup;
			children = (
				969D46271AEC4D5E0062C119 /* AppDelegate.swift */,
				969D46291AEC4D5E0062C119 /* ViewController.swift */,
				969D462B1AEC4D5E0062C119 /* Main.storyboard */,
				969D462E1AEC4D5E0062C119 /* Images.xcassets */,
				969D46301AEC4D5E0062C119 /* LaunchScreen.xib */,
				969D46251AEC4D5E0062C119 /* Supporting Files */,
			);
			path = payPalPractice;
			sourceTree = "<group>";
		};
		969D46251AEC4D5E0062C119 /* Supporting Files */ = {
			isa = PBXGroup;
			children = (
				969D46261AEC4D5E0062C119 /* Info.plist */,
			);
			name = "Supporting Files";
			sourceTree = "<group>";
		};
		969D463A1AEC4D5E0062C119 /* payPalPracticeTests */ = {
			isa = PBXGroup;
			children = (
				969D463D1AEC4D5E0062C119 /* payPalPracticeTests.swift */,
				969D463B1AEC4D5E0062C119 /* Supporting Files */,
			);
			path = payPalPracticeTests;
			sourceTree = "<group>";
		};
		969D463B1AEC4D5E0062C119 /* Supporting Files */ = {
			isa = PBXGroup;
			children = (
				969D463C1AEC4D5E0062C119 /* Info.plist */,
			);
			name = "Supporting Files";
			sourceTree = "<group>";
		};
/* End PBXGroup section */

/* Begin PBXNativeTarget section */
		969D46211AEC4D5E0062C119 /* payPalPractice */ = {
			isa = PBXNativeTarget;
			buildConfigurationList = 969D46411AEC4D5E0062C119 /* Build configuration list for PBXNativeTarget "payPalPractice" */;
			buildPhases = (
				969D461E1AEC4D5E0062C119 /* Sources */,
				969D461F1AEC4D5E0062C119 /* Frameworks */,
				969D46201AEC4D5E0062C119 /* Resources */,
			);
			buildRules = (
			);
			dependencies = (
			);
			name = payPalPractice;
			productName = payPalPractice;
			productReference = 969D46221AEC4D5E0062C119 /* payPalPractice.app */;
			productType = "com.apple.product-type.application";
		};
		969D46361AEC4D5E0062C119 /* payPalPracticeTests */ = {
			isa = PBXNativeTarget;
			buildConfigurationList = 969D46441AEC4D5E0062C119 /* Build configuration list for PBXNativeTarget "payPalPracticeTests" */;
			buildPhases = (
				969D46331AEC4D5E0062C119 /* Sources */,
				969D46341AEC4D5E0062C119 /* Frameworks */,
				969D46351AEC4D5E0062C119 /* Resources */,
			);
			buildRules = (
			);
			dependencies = (
				969D46391AEC4D5E0062C119 /* PBXTargetDependency */,
			);
			name = payPalPracticeTests;
			productName = payPalPracticeTests;
			productReference = 969D46371AEC4D5E0062C119 /* payPalPracticeTests.xctest */;
			productType = "com.apple.product-type.bundle.unit-test";
		};
/* End PBXNativeTarget section */

/* Begin PBXProject section */
		969D461A1AEC4D5E0062C119 /* Project object */ = {
			isa = PBXProject;
			attributes = {
				LastUpgradeCheck = 0630;
				ORGANIZATIONNAME = "Thomas Gibbons";
				TargetAttributes = {
					969D46211AEC4D5E0062C119 = {
						CreatedOnToolsVersion = 6.3.1;
					};
					969D46361AEC4D5E0062C119 = {
						CreatedOnToolsVersion = 6.3.1;
						TestTargetID = 969D46211AEC4D5E0062C119;
					};
				};
			};
			buildConfigurationList = 969D461D1AEC4D5E0062C119 /* Build configuration list for PBXProject "payPalPractice" */;
			compatibilityVersion = "Xcode 3.2";
			developmentRegion = English;
			hasScannedForEncodings = 0;
			knownRegions = (
				en,
				Base,
			);
			mainGroup = 969D46191AEC4D5E0062C119;
			productRefGroup = 969D46231AEC4D5E0062C119 /* Products */;
			projectDirPath = "";
			projectRoot = "";
			targets = (
				969D46211AEC4D5E0062C119 /* payPalPractice */,
				969D46361AEC4D5E0062C119 /* payPalPracticeTests */,
			);
		};
/* End PBXProject section */

/* Begin PBXResourcesBuildPhase section */
		969D46201AEC4D5E0062C119 /* Resources */ = {
			isa = PBXResourcesBuildPhase;
			buildActionMask = 2147483647;
			files = (
				969D462D1AEC4D5E0062C119 /* Main.storyboard in Resources */,
				969D46321AEC4D5E0062C119 /* LaunchScreen.xib in Resources */,
				969D462F1AEC4D5E0062C119 /* Images.xcassets in Resources */,
			);
			runOnlyForDeploymentPostprocessing = 0;
		};
		969D46351AEC4D5E0062C119 /* Resources */ = {
			isa = PBXResourcesBuildPhase;
			buildActionMask = 2147483647;
			files = (
			);
			runOnlyForDeploymentPostprocessing = 0;
		};
/* End PBXResourcesBuildPhase section */

/* Begin PBXSourcesBuildPhase section */
		969D461E1AEC4D5E0062C119 /* Sources */ = {
			isa = PBXSourcesBuildPhase;
			buildActionMask = 2147483647;
			files = (
				969D462A1AEC4D5E0062C119 /* ViewController.swift in Sources */,
				969D46281AEC4D5E0062C119 /* AppDelegate.swift in Sources */,
			);
			runOnlyForDeploymentPostprocessing = 0;
		};
		969D46331AEC4D5E0062C119 /* Sources */ = {
			isa = PBXSourcesBuildPhase;
			buildActionMask = 2147483647;
			files = (
				969D463E1AEC4D5E0062C119 /* payPalPracticeTests.swift in Sources */,
			);
			runOnlyForDeploymentPostprocessing = 0;
		};
/* End PBXSourcesBuildPhase section */

/* Begin PBXTargetDependency section */
		969D46391AEC4D5E0062C119 /* PBXTargetDependency */ = {
			isa = PBXTargetDependency;
			target = 969D46211AEC4D5E0062C119 /* payPalPractice */;
			targetProxy = 969D46381AEC4D5E0062C119 /* PBXContainerItemProxy */;
		};
/* End PBXTargetDependency section */

/* Begin PBXVariantGroup section */
		969D462B1AEC4D5E0062C119 /* Main.storyboard */ = {
			isa = PBXVariantGroup;
			children = (
				969D462C1AEC4D5E0062C119 /* Base */,
			);
			name = Main.storyboard;
			sourceTree = "<group>";
		};
		969D46301AEC4D5E0062C119 /* LaunchScreen.xib */ = {
			isa = PBXVariantGroup;
			children = (
				969D46311AEC4D5E0062C119 /* Base */,
			);
			name = LaunchScreen.xib;
			sourceTree = "<group>";
		};
/* End PBXVariantGroup section */

/* Begin XCBuildConfiguration section */
		969D463F1AEC4D5E0062C119 /* Debug */ = {
			isa = XCBuildConfiguration;
			buildSettings = {
				ALWAYS_SEARCH_USER_PATHS = NO;
				CLANG_CXX_LANGUAGE_STANDARD = "gnu++0x";
				CLANG_CXX_LIBRARY = "libc++";
				CLANG_ENABLE_MODULES = YES;
				CLANG_ENABLE_OBJC_ARC = YES;
				CLANG_WARN_BOOL_CONVERSION = YES;
				CLANG_WARN_CONSTANT_CONVERSION = YES;
				CLANG_WARN_DIRECT_OBJC_ISA_USAGE = YES_ERROR;
				CLANG_WARN_EMPTY_BODY = YES;
				CLANG_WARN_ENUM_CONVERSION = YES;
				CLANG_WARN_INT_CONVERSION = YES;
				CLANG_WARN_OBJC_ROOT_CLASS = YES_ERROR;
				CLANG_WARN_UNREACHABLE_CODE = YES;
				CLANG_WARN__DUPLICATE_METHOD_MATCH = YES;
				"CODE_SIGN_IDENTITY[sdk=iphoneos*]" = "iPhone Developer";
				COPY_PHASE_STRIP = NO;
				DEBUG_INFORMATION_FORMAT = "dwarf-with-dsym";
				ENABLE_STRICT_OBJC_MSGSEND = YES;
				GCC_C_LANGUAGE_STANDARD = gnu99;
				GCC_DYNAMIC_NO_PIC = NO;
				GCC_NO_COMMON_BLOCKS = YES;
				GCC_OPTIMIZATION_LEVEL = 0;
				GCC_PREPROCESSOR_DEFINITIONS = (
					"DEBUG=1",
					"$(inherited)",
				);
				GCC_SYMBOLS_PRIVATE_EXTERN = NO;
				GCC_WARN_64_TO_32_BIT_CONVERSION = YES;
				GCC_WARN_ABOUT_RETURN_TYPE = YES_ERROR;
				GCC_WARN_UNDECLARED_SELECTOR = YES;
				GCC_WARN_UNINITIALIZED_AUTOS = YES_AGGRESSIVE;
				GCC_WARN_UNUSED_FUNCTION = YES;
				GCC_WARN_UNUSED_VARIABLE = YES;
				IPHONEOS_DEPLOYMENT_TARGET = 8.3;
				MTL_ENABLE_DEBUG_INFO = YES;
				ONLY_ACTIVE_ARCH = YES;
				SDKROOT = iphoneos;
				SWIFT_OPTIMIZATION_LEVEL = "-Onone";
				TARGETED_DEVICE_FAMILY = "1,2";
			};
			name = Debug;
		};
		969D46401AEC4D5E0062C119 /* Release */ = {
			isa = XCBuildConfiguration;
			buildSettings = {
				ALWAYS_SEARCH_USER_PATHS = NO;
				CLANG_CXX_LANGUAGE_STANDARD = "gnu++0x";
				CLANG_CXX_LIBRARY = "libc++";
				CLANG_ENABLE_MODULES = YES;
				CLANG_ENABLE_OBJC_ARC = YES;
				CLANG_WARN_BOOL_CONVERSION = YES;
				CLANG_WARN_CONSTANT_CONVERSION = YES;
				CLANG_WARN_DIRECT_OBJC_ISA_USAGE = YES_ERROR;
				CLANG_WARN_EMPTY_BODY = YES;
				CLANG_WARN_ENUM_CONVERSION = YES;
				CLANG_WARN_INT_CONVERSION = YES;
				CLANG_WARN_OBJC_ROOT_CLASS = YES_ERROR;
				CLANG_WARN_UNREACHABLE_CODE = YES;
				CLANG_WARN__DUPLICATE_METHOD_MATCH = YES;
				"CODE_SIGN_IDENTITY[sdk=iphoneos*]" = "iPhone Developer";
				COPY_PHASE_STRIP = NO;
				DEBUG_INFORMATION_FORMAT = "dwarf-with-dsym";
				ENABLE_NS_ASSERTIONS = NO;
				ENABLE_STRICT_OBJC_MSGSEND = YES;
				GCC_C_LANGUAGE_STANDARD = gnu99;
				GCC_NO_COMMON_BLOCKS = YES;
				GCC_WARN_64_TO_32_BIT_CONVERSION = YES;
				GCC_WARN_ABOUT_RETURN_TYPE = YES_ERROR;
				GCC_WARN_UNDECLARED_SELECTOR = YES;
				GCC_WARN_UNINITIALIZED_AUTOS = YES_AGGRESSIVE;
				GCC_WARN_UNUSED_FUNCTION = YES;
				GCC_WARN_UNUSED_VARIABLE = YES;
				IPHONEOS_DEPLOYMENT_TARGET = 8.3;
				MTL_ENABLE_DEBUG_INFO = NO;
				SDKROOT = iphoneos;
				TARGETED_DEVICE_FAMILY = "1,2";
				VALIDATE_PRODUCT = YES;
			};
			name = Release;
		};
		969D46421AEC4D5E0062C119 /* Debug */ = {
			isa = XCBuildConfiguration;
			buildSettings = {
				ASSETCATALOG_COMPILER_APPICON_NAME = AppIcon;
				INFOPLIST_FILE = payPalPractice/Info.plist;
				LD_RUNPATH_SEARCH_PATHS = "$(inherited) @executable_path/Frameworks";
				PRODUCT_NAME = "$(TARGET_NAME)";
			};
			name = Debug;
		};
		969D46431AEC4D5E0062C119 /* Release */ = {
			isa = XCBuildConfiguration;
			buildSettings = {
				ASSETCATALOG_COMPILER_APPICON_NAME = AppIcon;
				INFOPLIST_FILE = payPalPractice/Info.plist;
				LD_RUNPATH_SEARCH_PATHS = "$(inherited) @executable_path/Frameworks";
				PRODUCT_NAME = "$(TARGET_NAME)";
			};
			name = Release;
		};
		969D46451AEC4D5E0062C119 /* Debug */ = {
			isa = XCBuildConfiguration;
			buildSettings = {
				BUNDLE_LOADER = "$(TEST_HOST)";
				FRAMEWORK_SEARCH_PATHS = (
					"$(SDKROOT)/Developer/Library/Frameworks",
					"$(inherited)",
				);
				GCC_PREPROCESSOR_DEFINITIONS = (
					"DEBUG=1",
					"$(inherited)",
				);
				INFOPLIST_FILE = payPalPracticeTests/Info.plist;
				LD_RUNPATH_SEARCH_PATHS = "$(inherited) @executable_path/Frameworks @loader_path/Frameworks";
				PRODUCT_NAME = "$(TARGET_NAME)";
				TEST_HOST = "$(BUILT_PRODUCTS_DIR)/payPalPractice.app/payPalPractice";
			};
			name = Debug;
		};
		969D46461AEC4D5E0062C119 /* Release */ = {
			isa = XCBuildConfiguration;
			buildSettings = {
				BUNDLE_LOADER = "$(TEST_HOST)";
				FRAMEWORK_SEARCH_PATHS = (
					"$(SDKROOT)/Developer/Library/Frameworks",
					"$(inherited)",
				);
				INFOPLIST_FILE = payPalPracticeTests/Info.plist;
				LD_RUNPATH_SEARCH_PATHS = "$(inherited) @executable_path/Frameworks @loader_path/Frameworks";
				PRODUCT_NAME = "$(TARGET_NAME)";
				TEST_HOST = "$(BUILT_PRODUCTS_DIR)/payPalPractice.app/payPalPractice";
			};
			name = Release;
		};
/* End XCBuildConfiguration section */

/* Begin XCConfigurationList section */
		969D461D1AEC4D5E0062C119 /* Build configuration list for PBXProject "payPalPractice" */ = {
			isa = XCConfigurationList;
			buildConfigurations = (
				969D463F1AEC4D5E0062C119 /* Debug */,
				969D46401AEC4D5E0062C119 /* Release */,
			);
			defaultConfigurationIsVisible = 0;
			defaultConfigurationName = Release;
		};
		969D46411AEC4D5E0062C119 /* Build configuration list for PBXNativeTarget "payPalPractice" */ = {
			isa = XCConfigurationList;
			buildConfigurations = (
				969D46421AEC4D5E0062C119 /* Debug */,
				969D46431AEC4D5E0062C119 /* Release */,
			);
			defaultConfigurationIsVisible = 0;
		};
		969D46441AEC4D5E0062C119 /* Build configuration list for PBXNativeTarget "payPalPracticeTests" */ = {
			isa = XCConfigurationList;
			buildConfigurations = (
				969D46451AEC4D5E0062C119 /* Debug */,
				969D46461AEC4D5E0062C119 /* Release */,
			);
			defaultConfigurationIsVisible = 0;
		};
/* End XCConfigurationList section */
	};
	rootObject = 969D461A1AEC4D5E0062C119 /* Project object */;
}
